// !$*UTF8*$!
{
	archiveVersion = 1;
	classes = {
	};
	objectVersion = 55;
	objects = {

/* Begin PBXBuildFile section */
		E11A6BC72829D959005940F6 /* Coordinator.swift in Sources */ = {isa = PBXBuildFile; fileRef = E11A6BC62829D959005940F6 /* Coordinator.swift */; };
		E11A6BCA2829DB98005940F6 /* AuthManager.swift in Sources */ = {isa = PBXBuildFile; fileRef = E11A6BC92829DB98005940F6 /* AuthManager.swift */; };
		E11A6BCC2829DBAA005940F6 /* KeychainManager.swift in Sources */ = {isa = PBXBuildFile; fileRef = E11A6BCB2829DBAA005940F6 /* KeychainManager.swift */; };
		E11A6BD12829E411005940F6 /* LoginViewController.swift in Sources */ = {isa = PBXBuildFile; fileRef = E11A6BCF2829E411005940F6 /* LoginViewController.swift */; };
		E11A6BD22829E411005940F6 /* LoginViewController.xib in Resources */ = {isa = PBXBuildFile; fileRef = E11A6BD02829E411005940F6 /* LoginViewController.xib */; };
		E11A6BD62829F06C005940F6 /* LoginViewModel.swift in Sources */ = {isa = PBXBuildFile; fileRef = E11A6BD52829F06C005940F6 /* LoginViewModel.swift */; };
		E11A6BD82829F07F005940F6 /* DefaultLoginViewModel.swift in Sources */ = {isa = PBXBuildFile; fileRef = E11A6BD72829F07F005940F6 /* DefaultLoginViewModel.swift */; };
		E11A6BDC2829FAEC005940F6 /* ViewModelBindable.swift in Sources */ = {isa = PBXBuildFile; fileRef = E11A6BDB2829FAEC005940F6 /* ViewModelBindable.swift */; };
		E11A6BE0282A013A005940F6 /* RegisterCoordinator.swift in Sources */ = {isa = PBXBuildFile; fileRef = E11A6BDF282A013A005940F6 /* RegisterCoordinator.swift */; };
		E11A6BEB282AA350005940F6 /* QuestionOneViewController.swift in Sources */ = {isa = PBXBuildFile; fileRef = E11A6BE9282AA350005940F6 /* QuestionOneViewController.swift */; };
		E11A6BEC282AA350005940F6 /* QuestionOneViewController.xib in Resources */ = {isa = PBXBuildFile; fileRef = E11A6BEA282AA350005940F6 /* QuestionOneViewController.xib */; };
		E11A6BF1282AA389005940F6 /* OptionsTableViewCell.swift in Sources */ = {isa = PBXBuildFile; fileRef = E11A6BEF282AA389005940F6 /* OptionsTableViewCell.swift */; };
		E11A6BF2282AA389005940F6 /* OptionsTableViewCell.xib in Resources */ = {isa = PBXBuildFile; fileRef = E11A6BF0282AA389005940F6 /* OptionsTableViewCell.xib */; };
		E11A6BF4282AA3CB005940F6 /* QuestionOneViewModel.swift in Sources */ = {isa = PBXBuildFile; fileRef = E11A6BF3282AA3CB005940F6 /* QuestionOneViewModel.swift */; };
		E11A6BF6282AA3E0005940F6 /* DefaultQuestionOneViewModel.swift in Sources */ = {isa = PBXBuildFile; fileRef = E11A6BF5282AA3E0005940F6 /* DefaultQuestionOneViewModel.swift */; };
		E11A6BF8282AA693005940F6 /* Observable.swift in Sources */ = {isa = PBXBuildFile; fileRef = E11A6BF7282AA693005940F6 /* Observable.swift */; };
		E1E692B52829D04C00220C59 /* AppDelegate.swift in Sources */ = {isa = PBXBuildFile; fileRef = E1E692B42829D04C00220C59 /* AppDelegate.swift */; };
		E1E692B72829D04C00220C59 /* SceneDelegate.swift in Sources */ = {isa = PBXBuildFile; fileRef = E1E692B62829D04C00220C59 /* SceneDelegate.swift */; };
		E1E692B92829D04C00220C59 /* MainCoordinator.swift in Sources */ = {isa = PBXBuildFile; fileRef = E1E692B82829D04C00220C59 /* MainCoordinator.swift */; };
		E1E692BE2829D04E00220C59 /* Assets.xcassets in Resources */ = {isa = PBXBuildFile; fileRef = E1E692BD2829D04E00220C59 /* Assets.xcassets */; };
		E1E692C12829D04E00220C59 /* LaunchScreen.storyboard in Resources */ = {isa = PBXBuildFile; fileRef = E1E692BF2829D04E00220C59 /* LaunchScreen.storyboard */; };
		E1E692CA2829D3A700220C59 /* AppCoordinator.swift in Sources */ = {isa = PBXBuildFile; fileRef = E1E692C92829D3A700220C59 /* AppCoordinator.swift */; };
		E4961E62900BC9C3F1E117F9 /* Pods_HopeWL.framework in Frameworks */ = {isa = PBXBuildFile; fileRef = 22905625DE4706DF429C6156 /* Pods_HopeWL.framework */; };
/* End PBXBuildFile section */

/* Begin PBXFileReference section */
		22905625DE4706DF429C6156 /* Pods_HopeWL.framework */ = {isa = PBXFileReference; explicitFileType = wrapper.framework; includeInIndex = 0; path = Pods_HopeWL.framework; sourceTree = BUILT_PRODUCTS_DIR; };
		93FA5DC48F7D8DCF429807E4 /* Pods-HopeWL.release.xcconfig */ = {isa = PBXFileReference; includeInIndex = 1; lastKnownFileType = text.xcconfig; name = "Pods-HopeWL.release.xcconfig"; path = "Target Support Files/Pods-HopeWL/Pods-HopeWL.release.xcconfig"; sourceTree = "<group>"; };
		BCA9FED46FBA87AE3878B6B2 /* Pods-HopeWL.debug.xcconfig */ = {isa = PBXFileReference; includeInIndex = 1; lastKnownFileType = text.xcconfig; name = "Pods-HopeWL.debug.xcconfig"; path = "Target Support Files/Pods-HopeWL/Pods-HopeWL.debug.xcconfig"; sourceTree = "<group>"; };
		E11A6BC62829D959005940F6 /* Coordinator.swift */ = {isa = PBXFileReference; lastKnownFileType = sourcecode.swift; path = Coordinator.swift; sourceTree = "<group>"; };
		E11A6BC92829DB98005940F6 /* AuthManager.swift */ = {isa = PBXFileReference; lastKnownFileType = sourcecode.swift; path = AuthManager.swift; sourceTree = "<group>"; };
		E11A6BCB2829DBAA005940F6 /* KeychainManager.swift */ = {isa = PBXFileReference; lastKnownFileType = sourcecode.swift; path = KeychainManager.swift; sourceTree = "<group>"; };
		E11A6BCF2829E411005940F6 /* LoginViewController.swift */ = {isa = PBXFileReference; lastKnownFileType = sourcecode.swift; path = LoginViewController.swift; sourceTree = "<group>"; };
		E11A6BD02829E411005940F6 /* LoginViewController.xib */ = {isa = PBXFileReference; lastKnownFileType = file.xib; path = LoginViewController.xib; sourceTree = "<group>"; };
		E11A6BD52829F06C005940F6 /* LoginViewModel.swift */ = {isa = PBXFileReference; lastKnownFileType = sourcecode.swift; path = LoginViewModel.swift; sourceTree = "<group>"; };
		E11A6BD72829F07F005940F6 /* DefaultLoginViewModel.swift */ = {isa = PBXFileReference; lastKnownFileType = sourcecode.swift; path = DefaultLoginViewModel.swift; sourceTree = "<group>"; };
		E11A6BDB2829FAEC005940F6 /* ViewModelBindable.swift */ = {isa = PBXFileReference; lastKnownFileType = sourcecode.swift; path = ViewModelBindable.swift; sourceTree = "<group>"; };
		E11A6BDF282A013A005940F6 /* RegisterCoordinator.swift */ = {isa = PBXFileReference; lastKnownFileType = sourcecode.swift; path = RegisterCoordinator.swift; sourceTree = "<group>"; };
		E11A6BE9282AA350005940F6 /* QuestionOneViewController.swift */ = {isa = PBXFileReference; lastKnownFileType = sourcecode.swift; path = QuestionOneViewController.swift; sourceTree = "<group>"; };
		E11A6BEA282AA350005940F6 /* QuestionOneViewController.xib */ = {isa = PBXFileReference; lastKnownFileType = file.xib; path = QuestionOneViewController.xib; sourceTree = "<group>"; };
		E11A6BEF282AA389005940F6 /* OptionsTableViewCell.swift */ = {isa = PBXFileReference; lastKnownFileType = sourcecode.swift; path = OptionsTableViewCell.swift; sourceTree = "<group>"; };
		E11A6BF0282AA389005940F6 /* OptionsTableViewCell.xib */ = {isa = PBXFileReference; lastKnownFileType = file.xib; path = OptionsTableViewCell.xib; sourceTree = "<group>"; };
		E11A6BF3282AA3CB005940F6 /* QuestionOneViewModel.swift */ = {isa = PBXFileReference; lastKnownFileType = sourcecode.swift; path = QuestionOneViewModel.swift; sourceTree = "<group>"; };
		E11A6BF5282AA3E0005940F6 /* DefaultQuestionOneViewModel.swift */ = {isa = PBXFileReference; lastKnownFileType = sourcecode.swift; path = DefaultQuestionOneViewModel.swift; sourceTree = "<group>"; };
		E11A6BF7282AA693005940F6 /* Observable.swift */ = {isa = PBXFileReference; lastKnownFileType = sourcecode.swift; path = Observable.swift; sourceTree = "<group>"; };
		E1E692B12829D04C00220C59 /* HopeWL.app */ = {isa = PBXFileReference; explicitFileType = wrapper.application; includeInIndex = 0; path = HopeWL.app; sourceTree = BUILT_PRODUCTS_DIR; };
		E1E692B42829D04C00220C59 /* AppDelegate.swift */ = {isa = PBXFileReference; lastKnownFileType = sourcecode.swift; path = AppDelegate.swift; sourceTree = "<group>"; };
		E1E692B62829D04C00220C59 /* SceneDelegate.swift */ = {isa = PBXFileReference; lastKnownFileType = sourcecode.swift; path = SceneDelegate.swift; sourceTree = "<group>"; };
		E1E692B82829D04C00220C59 /* MainCoordinator.swift */ = {isa = PBXFileReference; lastKnownFileType = sourcecode.swift; path = MainCoordinator.swift; sourceTree = "<group>"; };
		E1E692BD2829D04E00220C59 /* Assets.xcassets */ = {isa = PBXFileReference; lastKnownFileType = folder.assetcatalog; path = Assets.xcassets; sourceTree = "<group>"; };
		E1E692C02829D04E00220C59 /* Base */ = {isa = PBXFileReference; lastKnownFileType = file.storyboard; name = Base; path = Base.lproj/LaunchScreen.storyboard; sourceTree = "<group>"; };
		E1E692C22829D04E00220C59 /* Info.plist */ = {isa = PBXFileReference; lastKnownFileType = text.plist.xml; path = Info.plist; sourceTree = "<group>"; };
		E1E692C92829D3A700220C59 /* AppCoordinator.swift */ = {isa = PBXFileReference; lastKnownFileType = sourcecode.swift; path = AppCoordinator.swift; sourceTree = "<group>"; };
/* End PBXFileReference section */

/* Begin PBXFrameworksBuildPhase section */
		E1E692AE2829D04C00220C59 /* Frameworks */ = {
			isa = PBXFrameworksBuildPhase;
			buildActionMask = 2147483647;
			files = (
				E4961E62900BC9C3F1E117F9 /* Pods_HopeWL.framework in Frameworks */,
			);
			runOnlyForDeploymentPostprocessing = 0;
		};
/* End PBXFrameworksBuildPhase section */

/* Begin PBXGroup section */
		1A80854AB78EA3D7BD5882E2 /* Pods */ = {
			isa = PBXGroup;
			children = (
				BCA9FED46FBA87AE3878B6B2 /* Pods-HopeWL.debug.xcconfig */,
				93FA5DC48F7D8DCF429807E4 /* Pods-HopeWL.release.xcconfig */,
			);
			path = Pods;
			sourceTree = "<group>";
		};
		C7B5773833F7BA227CFB79AD /* Frameworks */ = {
			isa = PBXGroup;
			children = (
				22905625DE4706DF429C6156 /* Pods_HopeWL.framework */,
			);
			name = Frameworks;
			sourceTree = "<group>";
		};
		E11A6BC52829D94B005940F6 /* Coordinator */ = {
			isa = PBXGroup;
			children = (
				E11A6BC62829D959005940F6 /* Coordinator.swift */,
			);
			path = Coordinator;
			sourceTree = "<group>";
		};
		E11A6BC82829DB7D005940F6 /* Manager */ = {
			isa = PBXGroup;
			children = (
				E11A6BC92829DB98005940F6 /* AuthManager.swift */,
				E11A6BCB2829DBAA005940F6 /* KeychainManager.swift */,
			);
			path = Manager;
			sourceTree = "<group>";
		};
		E11A6BCD2829E3AD005940F6 /* Main */ = {
			isa = PBXGroup;
			children = (
				E1E692B82829D04C00220C59 /* MainCoordinator.swift */,
			);
			path = Main;
			sourceTree = "<group>";
		};
		E11A6BCE2829E3C6005940F6 /* Login */ = {
			isa = PBXGroup;
			children = (
				E11A6BD42829F033005940F6 /* ViewModel */,
				E11A6BD32829F029005940F6 /* View */,
			);
			path = Login;
			sourceTree = "<group>";
		};
		E11A6BD32829F029005940F6 /* View */ = {
			isa = PBXGroup;
			children = (
				E11A6BCF2829E411005940F6 /* LoginViewController.swift */,
				E11A6BD02829E411005940F6 /* LoginViewController.xib */,
			);
			path = View;
			sourceTree = "<group>";
		};
		E11A6BD42829F033005940F6 /* ViewModel */ = {
			isa = PBXGroup;
			children = (
				E11A6BD52829F06C005940F6 /* LoginViewModel.swift */,
				E11A6BD72829F07F005940F6 /* DefaultLoginViewModel.swift */,
			);
			path = ViewModel;
			sourceTree = "<group>";
		};
		E11A6BDD2829FEEC005940F6 /* Questions */ = {
			isa = PBXGroup;
			children = (
				E11A6BE4282AA24A005940F6 /* SpecialistComunicatorCaregiver */,
				E11A6BE3282A9EBF005940F6 /* DependentsCoodependentsPatients */,
			);
			path = Questions;
			sourceTree = "<group>";
		};
		E11A6BDE282A00F2005940F6 /* SignUp */ = {
			isa = PBXGroup;
			children = (
				E11A6BDF282A013A005940F6 /* RegisterCoordinator.swift */,
				E11A6BE2282A9A6B005940F6 /* ViewModel */,
				E11A6BE1282A9A63005940F6 /* View */,
			);
			path = SignUp;
			sourceTree = "<group>";
		};
		E11A6BE1282A9A63005940F6 /* View */ = {
			isa = PBXGroup;
			children = (
			);
			path = View;
			sourceTree = "<group>";
		};
		E11A6BE2282A9A6B005940F6 /* ViewModel */ = {
			isa = PBXGroup;
			children = (
			);
			path = ViewModel;
			sourceTree = "<group>";
		};
		E11A6BE3282A9EBF005940F6 /* DependentsCoodependentsPatients */ = {
			isa = PBXGroup;
			children = (
				E11A6BE5282AA297005940F6 /* QuestionOne */,
			);
			path = DependentsCoodependentsPatients;
			sourceTree = "<group>";
		};
		E11A6BE4282AA24A005940F6 /* SpecialistComunicatorCaregiver */ = {
			isa = PBXGroup;
			children = (
			);
			path = SpecialistComunicatorCaregiver;
			sourceTree = "<group>";
		};
		E11A6BE5282AA297005940F6 /* QuestionOne */ = {
			isa = PBXGroup;
			children = (
				E11A6BE7282AA2CB005940F6 /* ViewModel */,
				E11A6BE6282AA2A4005940F6 /* View */,
			);
			path = QuestionOne;
			sourceTree = "<group>";
		};
		E11A6BE6282AA2A4005940F6 /* View */ = {
			isa = PBXGroup;
			children = (
				E11A6BE8282AA2DE005940F6 /* QuestionOneViewCell */,
				E11A6BE9282AA350005940F6 /* QuestionOneViewController.swift */,
				E11A6BEA282AA350005940F6 /* QuestionOneViewController.xib */,
			);
			path = View;
			sourceTree = "<group>";
		};
		E11A6BE7282AA2CB005940F6 /* ViewModel */ = {
			isa = PBXGroup;
			children = (
				E11A6BF3282AA3CB005940F6 /* QuestionOneViewModel.swift */,
				E11A6BF5282AA3E0005940F6 /* DefaultQuestionOneViewModel.swift */,
			);
			path = ViewModel;
			sourceTree = "<group>";
		};
		E11A6BE8282AA2DE005940F6 /* QuestionOneViewCell */ = {
			isa = PBXGroup;
			children = (
				E11A6BEF282AA389005940F6 /* OptionsTableViewCell.swift */,
				E11A6BF0282AA389005940F6 /* OptionsTableViewCell.xib */,
			);
			path = QuestionOneViewCell;
			sourceTree = "<group>";
		};
		E1AAB85C282C2F2500C84810 /* ForgotPassword */ = {
			isa = PBXGroup;
			children = (
			);
			path = ForgotPassword;
			sourceTree = "<group>";
		};
		E1E692A82829D04C00220C59 = {
			isa = PBXGroup;
			children = (
				E1E692B32829D04C00220C59 /* HopeWL */,
				E1E692B22829D04C00220C59 /* Products */,
				1A80854AB78EA3D7BD5882E2 /* Pods */,
				C7B5773833F7BA227CFB79AD /* Frameworks */,
			);
			sourceTree = "<group>";
		};
		E1E692B22829D04C00220C59 /* Products */ = {
			isa = PBXGroup;
			children = (
				E1E692B12829D04C00220C59 /* HopeWL.app */,
			);
			name = Products;
			sourceTree = "<group>";
		};
		E1E692B32829D04C00220C59 /* HopeWL */ = {
			isa = PBXGroup;
			children = (
				E1E692C82829D35100220C59 /* Application */,
				E1E692CB2829D3C800220C59 /* Scene */,
				E1E692CC2829D3EE00220C59 /* Data */,
				E1E692CD2829D3F700220C59 /* Model */,
				E1E692CE2829D40400220C59 /* Common */,
				E1E692CF2829D41C00220C59 /* Extensions */,
				E1E692D02829D56A00220C59 /* Resource */,
				E1E692C22829D04E00220C59 /* Info.plist */,
			);
			path = HopeWL;
			sourceTree = "<group>";
		};
		E1E692C82829D35100220C59 /* Application */ = {
			isa = PBXGroup;
			children = (
				E1E692B42829D04C00220C59 /* AppDelegate.swift */,
				E1E692B62829D04C00220C59 /* SceneDelegate.swift */,
				E1E692C92829D3A700220C59 /* AppCoordinator.swift */,
			);
			path = Application;
			sourceTree = "<group>";
		};
		E1E692CB2829D3C800220C59 /* Scene */ = {
			isa = PBXGroup;
			children = (
				E1E692BF2829D04E00220C59 /* LaunchScreen.storyboard */,
				E11A6BCD2829E3AD005940F6 /* Main */,
				E1AAB85C282C2F2500C84810 /* ForgotPassword */,
				E11A6BDD2829FEEC005940F6 /* Questions */,
				E11A6BDE282A00F2005940F6 /* SignUp */,
				E11A6BCE2829E3C6005940F6 /* Login */,
			);
			path = Scene;
			sourceTree = "<group>";
		};
		E1E692CC2829D3EE00220C59 /* Data */ = {
			isa = PBXGroup;
			children = (
			);
			path = Data;
			sourceTree = "<group>";
		};
		E1E692CD2829D3F700220C59 /* Model */ = {
			isa = PBXGroup;
			children = (
			);
			path = Model;
			sourceTree = "<group>";
		};
		E1E692CE2829D40400220C59 /* Common */ = {
			isa = PBXGroup;
			children = (
				E11A6BC82829DB7D005940F6 /* Manager */,
				E11A6BC52829D94B005940F6 /* Coordinator */,
				E11A6BDB2829FAEC005940F6 /* ViewModelBindable.swift */,
				E11A6BF7282AA693005940F6 /* Observable.swift */,
			);
			path = Common;
			sourceTree = "<group>";
		};
		E1E692CF2829D41C00220C59 /* Extensions */ = {
			isa = PBXGroup;
			children = (
			);
			path = Extensions;
			sourceTree = "<group>";
		};
		E1E692D02829D56A00220C59 /* Resource */ = {
			isa = PBXGroup;
			children = (
				E1E692BD2829D04E00220C59 /* Assets.xcassets */,
			);
			path = Resource;
			sourceTree = "<group>";
		};
/* End PBXGroup section */

/* Begin PBXNativeTarget section */
		E1E692B02829D04C00220C59 /* HopeWL */ = {
			isa = PBXNativeTarget;
			buildConfigurationList = E1E692C52829D04E00220C59 /* Build configuration list for PBXNativeTarget "HopeWL" */;
			buildPhases = (
				BB86D9A34E986857F4111C15 /* [CP] Check Pods Manifest.lock */,
				E1E692AD2829D04C00220C59 /* Sources */,
				E1E692AE2829D04C00220C59 /* Frameworks */,
				E1E692AF2829D04C00220C59 /* Resources */,
				CF2CABB9BC5134B2D9DBDF38 /* [CP] Embed Pods Frameworks */,
			);
			buildRules = (
			);
			dependencies = (
			);
			name = HopeWL;
			productName = HopeWL;
			productReference = E1E692B12829D04C00220C59 /* HopeWL.app */;
			productType = "com.apple.product-type.application";
		};
/* End PBXNativeTarget section */

/* Begin PBXProject section */
		E1E692A92829D04C00220C59 /* Project object */ = {
			isa = PBXProject;
			attributes = {
				BuildIndependentTargetsInParallel = 1;
				LastSwiftUpdateCheck = 1330;
				LastUpgradeCheck = 1330;
				TargetAttributes = {
					E1E692B02829D04C00220C59 = {
						CreatedOnToolsVersion = 13.3;
					};
				};
			};
			buildConfigurationList = E1E692AC2829D04C00220C59 /* Build configuration list for PBXProject "HopeWL" */;
			compatibilityVersion = "Xcode 13.0";
			developmentRegion = en;
			hasScannedForEncodings = 0;
			knownRegions = (
				en,
				Base,
			);
			mainGroup = E1E692A82829D04C00220C59;
			productRefGroup = E1E692B22829D04C00220C59 /* Products */;
			projectDirPath = "";
			projectRoot = "";
			targets = (
				E1E692B02829D04C00220C59 /* HopeWL */,
			);
		};
/* End PBXProject section */

/* Begin PBXResourcesBuildPhase section */
		E1E692AF2829D04C00220C59 /* Resources */ = {
			isa = PBXResourcesBuildPhase;
			buildActionMask = 2147483647;
			files = (
				E1E692C12829D04E00220C59 /* LaunchScreen.storyboard in Resources */,
				E1E692BE2829D04E00220C59 /* Assets.xcassets in Resources */,
				E11A6BF2282AA389005940F6 /* OptionsTableViewCell.xib in Resources */,
				E11A6BD22829E411005940F6 /* LoginViewController.xib in Resources */,
				E11A6BEC282AA350005940F6 /* QuestionOneViewController.xib in Resources */,
			);
			runOnlyForDeploymentPostprocessing = 0;
		};
/* End PBXResourcesBuildPhase section */

/* Begin PBXShellScriptBuildPhase section */
		BB86D9A34E986857F4111C15 /* [CP] Check Pods Manifest.lock */ = {
			isa = PBXShellScriptBuildPhase;
			buildActionMask = 2147483647;
			files = (
			);
			inputFileListPaths = (
			);
			inputPaths = (
				"${PODS_PODFILE_DIR_PATH}/Podfile.lock",
				"${PODS_ROOT}/Manifest.lock",
			);
			name = "[CP] Check Pods Manifest.lock";
			outputFileListPaths = (
			);
			outputPaths = (
				"$(DERIVED_FILE_DIR)/Pods-HopeWL-checkManifestLockResult.txt",
			);
			runOnlyForDeploymentPostprocessing = 0;
			shellPath = /bin/sh;
			shellScript = "diff \"${PODS_PODFILE_DIR_PATH}/Podfile.lock\" \"${PODS_ROOT}/Manifest.lock\" > /dev/null\nif [ $? != 0 ] ; then\n    # print error to STDERR\n    echo \"error: The sandbox is not in sync with the Podfile.lock. Run 'pod install' or update your CocoaPods installation.\" >&2\n    exit 1\nfi\n# This output is used by Xcode 'outputs' to avoid re-running this script phase.\necho \"SUCCESS\" > \"${SCRIPT_OUTPUT_FILE_0}\"\n";
			showEnvVarsInLog = 0;
		};
		CF2CABB9BC5134B2D9DBDF38 /* [CP] Embed Pods Frameworks */ = {
			isa = PBXShellScriptBuildPhase;
			buildActionMask = 2147483647;
			files = (
			);
			inputFileListPaths = (
				"${PODS_ROOT}/Target Support Files/Pods-HopeWL/Pods-HopeWL-frameworks-${CONFIGURATION}-input-files.xcfilelist",
			);
			name = "[CP] Embed Pods Frameworks";
			outputFileListPaths = (
				"${PODS_ROOT}/Target Support Files/Pods-HopeWL/Pods-HopeWL-frameworks-${CONFIGURATION}-output-files.xcfilelist",
			);
			runOnlyForDeploymentPostprocessing = 0;
			shellPath = /bin/sh;
			shellScript = "\"${PODS_ROOT}/Target Support Files/Pods-HopeWL/Pods-HopeWL-frameworks.sh\"\n";
			showEnvVarsInLog = 0;
		};
/* End PBXShellScriptBuildPhase section */

/* Begin PBXSourcesBuildPhase section */
		E1E692AD2829D04C00220C59 /* Sources */ = {
			isa = PBXSourcesBuildPhase;
			buildActionMask = 2147483647;
			files = (
				E1E692CA2829D3A700220C59 /* AppCoordinator.swift in Sources */,
				E11A6BCA2829DB98005940F6 /* AuthManager.swift in Sources */,
				E11A6BCC2829DBAA005940F6 /* KeychainManager.swift in Sources */,
				E11A6BEB282AA350005940F6 /* QuestionOneViewController.swift in Sources */,
				E11A6BF1282AA389005940F6 /* OptionsTableViewCell.swift in Sources */,
				E11A6BF6282AA3E0005940F6 /* DefaultQuestionOneViewModel.swift in Sources */,
				E1E692B92829D04C00220C59 /* MainCoordinator.swift in Sources */,
				E11A6BDC2829FAEC005940F6 /* ViewModelBindable.swift in Sources */,
				E11A6BE0282A013A005940F6 /* RegisterCoordinator.swift in Sources */,
				E11A6BD12829E411005940F6 /* LoginViewController.swift in Sources */,
				E11A6BF4282AA3CB005940F6 /* QuestionOneViewModel.swift in Sources */,
				E11A6BC72829D959005940F6 /* Coordinator.swift in Sources */,
				E11A6BF8282AA693005940F6 /* Observable.swift in Sources */,
				E11A6BD82829F07F005940F6 /* DefaultLoginViewModel.swift in Sources */,
				E1E692B52829D04C00220C59 /* AppDelegate.swift in Sources */,
				E1E692B72829D04C00220C59 /* SceneDelegate.swift in Sources */,
				E11A6BD62829F06C005940F6 /* LoginViewModel.swift in Sources */,
			);
			runOnlyForDeploymentPostprocessing = 0;
		};
/* End PBXSourcesBuildPhase section */

/* Begin PBXVariantGroup section */
		E1E692BF2829D04E00220C59 /* LaunchScreen.storyboard */ = {
			isa = PBXVariantGroup;
			children = (
				E1E692C02829D04E00220C59 /* Base */,
			);
			name = LaunchScreen.storyboard;
			sourceTree = "<group>";
		};
/* End PBXVariantGroup section */

/* Begin XCBuildConfiguration section */
		E1E692C32829D04E00220C59 /* Debug */ = {
			isa = XCBuildConfiguration;
			buildSettings = {
				ALWAYS_SEARCH_USER_PATHS = NO;
				CLANG_ANALYZER_NONNULL = YES;
				CLANG_ANALYZER_NUMBER_OBJECT_CONVERSION = YES_AGGRESSIVE;
				CLANG_CXX_LANGUAGE_STANDARD = "gnu++17";
				CLANG_ENABLE_MODULES = YES;
				CLANG_ENABLE_OBJC_ARC = YES;
				CLANG_ENABLE_OBJC_WEAK = YES;
				CLANG_WARN_BLOCK_CAPTURE_AUTORELEASING = YES;
				CLANG_WARN_BOOL_CONVERSION = YES;
				CLANG_WARN_COMMA = YES;
				CLANG_WARN_CONSTANT_CONVERSION = YES;
				CLANG_WARN_DEPRECATED_OBJC_IMPLEMENTATIONS = YES;
				CLANG_WARN_DIRECT_OBJC_ISA_USAGE = YES_ERROR;
				CLANG_WARN_DOCUMENTATION_COMMENTS = YES;
				CLANG_WARN_EMPTY_BODY = YES;
				CLANG_WARN_ENUM_CONVERSION = YES;
				CLANG_WARN_INFINITE_RECURSION = YES;
				CLANG_WARN_INT_CONVERSION = YES;
				CLANG_WARN_NON_LITERAL_NULL_CONVERSION = YES;
				CLANG_WARN_OBJC_IMPLICIT_RETAIN_SELF = YES;
				CLANG_WARN_OBJC_LITERAL_CONVERSION = YES;
				CLANG_WARN_OBJC_ROOT_CLASS = YES_ERROR;
				CLANG_WARN_QUOTED_INCLUDE_IN_FRAMEWORK_HEADER = YES;
				CLANG_WARN_RANGE_LOOP_ANALYSIS = YES;
				CLANG_WARN_STRICT_PROTOTYPES = YES;
				CLANG_WARN_SUSPICIOUS_MOVE = YES;
				CLANG_WARN_UNGUARDED_AVAILABILITY = YES_AGGRESSIVE;
				CLANG_WARN_UNREACHABLE_CODE = YES;
				CLANG_WARN__DUPLICATE_METHOD_MATCH = YES;
				COPY_PHASE_STRIP = NO;
				DEBUG_INFORMATION_FORMAT = dwarf;
				ENABLE_STRICT_OBJC_MSGSEND = YES;
				ENABLE_TESTABILITY = YES;
				GCC_C_LANGUAGE_STANDARD = gnu11;
				GCC_DYNAMIC_NO_PIC = NO;
				GCC_NO_COMMON_BLOCKS = YES;
				GCC_OPTIMIZATION_LEVEL = 0;
				GCC_PREPROCESSOR_DEFINITIONS = (
					"DEBUG=1",
					"$(inherited)",
				);
				GCC_WARN_64_TO_32_BIT_CONVERSION = YES;
				GCC_WARN_ABOUT_RETURN_TYPE = YES_ERROR;
				GCC_WARN_UNDECLARED_SELECTOR = YES;
				GCC_WARN_UNINITIALIZED_AUTOS = YES_AGGRESSIVE;
				GCC_WARN_UNUSED_FUNCTION = YES;
				GCC_WARN_UNUSED_VARIABLE = YES;
				IPHONEOS_DEPLOYMENT_TARGET = 15.4;
				MTL_ENABLE_DEBUG_INFO = INCLUDE_SOURCE;
				MTL_FAST_MATH = YES;
				ONLY_ACTIVE_ARCH = YES;
				SDKROOT = iphoneos;
				SWIFT_ACTIVE_COMPILATION_CONDITIONS = DEBUG;
				SWIFT_OPTIMIZATION_LEVEL = "-Onone";
			};
			name = Debug;
		};
		E1E692C42829D04E00220C59 /* Release */ = {
			isa = XCBuildConfiguration;
			buildSettings = {
				ALWAYS_SEARCH_USER_PATHS = NO;
				CLANG_ANALYZER_NONNULL = YES;
				CLANG_ANALYZER_NUMBER_OBJECT_CONVERSION = YES_AGGRESSIVE;
				CLANG_CXX_LANGUAGE_STANDARD = "gnu++17";
				CLANG_ENABLE_MODULES = YES;
				CLANG_ENABLE_OBJC_ARC = YES;
				CLANG_ENABLE_OBJC_WEAK = YES;
				CLANG_WARN_BLOCK_CAPTURE_AUTORELEASING = YES;
				CLANG_WARN_BOOL_CONVERSION = YES;
				CLANG_WARN_COMMA = YES;
				CLANG_WARN_CONSTANT_CONVERSION = YES;
				CLANG_WARN_DEPRECATED_OBJC_IMPLEMENTATIONS = YES;
				CLANG_WARN_DIRECT_OBJC_ISA_USAGE = YES_ERROR;
				CLANG_WARN_DOCUMENTATION_COMMENTS = YES;
				CLANG_WARN_EMPTY_BODY = YES;
				CLANG_WARN_ENUM_CONVERSION = YES;
				CLANG_WARN_INFINITE_RECURSION = YES;
				CLANG_WARN_INT_CONVERSION = YES;
				CLANG_WARN_NON_LITERAL_NULL_CONVERSION = YES;
				CLANG_WARN_OBJC_IMPLICIT_RETAIN_SELF = YES;
				CLANG_WARN_OBJC_LITERAL_CONVERSION = YES;
				CLANG_WARN_OBJC_ROOT_CLASS = YES_ERROR;
				CLANG_WARN_QUOTED_INCLUDE_IN_FRAMEWORK_HEADER = YES;
				CLANG_WARN_RANGE_LOOP_ANALYSIS = YES;
				CLANG_WARN_STRICT_PROTOTYPES = YES;
				CLANG_WARN_SUSPICIOUS_MOVE = YES;
				CLANG_WARN_UNGUARDED_AVAILABILITY = YES_AGGRESSIVE;
				CLANG_WARN_UNREACHABLE_CODE = YES;
				CLANG_WARN__DUPLICATE_METHOD_MATCH = YES;
				COPY_PHASE_STRIP = NO;
				DEBUG_INFORMATION_FORMAT = "dwarf-with-dsym";
				ENABLE_NS_ASSERTIONS = NO;
				ENABLE_STRICT_OBJC_MSGSEND = YES;
				GCC_C_LANGUAGE_STANDARD = gnu11;
				GCC_NO_COMMON_BLOCKS = YES;
				GCC_WARN_64_TO_32_BIT_CONVERSION = YES;
				GCC_WARN_ABOUT_RETURN_TYPE = YES_ERROR;
				GCC_WARN_UNDECLARED_SELECTOR = YES;
				GCC_WARN_UNINITIALIZED_AUTOS = YES_AGGRESSIVE;
				GCC_WARN_UNUSED_FUNCTION = YES;
				GCC_WARN_UNUSED_VARIABLE = YES;
				IPHONEOS_DEPLOYMENT_TARGET = 15.4;
				MTL_ENABLE_DEBUG_INFO = NO;
				MTL_FAST_MATH = YES;
				SDKROOT = iphoneos;
				SWIFT_COMPILATION_MODE = wholemodule;
				SWIFT_OPTIMIZATION_LEVEL = "-O";
				VALIDATE_PRODUCT = YES;
			};
			name = Release;
		};
		E1E692C62829D04E00220C59 /* Debug */ = {
			isa = XCBuildConfiguration;
			baseConfigurationReference = BCA9FED46FBA87AE3878B6B2 /* Pods-HopeWL.debug.xcconfig */;
			buildSettings = {
				ASSETCATALOG_COMPILER_APPICON_NAME = AppIcon;
				ASSETCATALOG_COMPILER_GLOBAL_ACCENT_COLOR_NAME = AccentColor;
				CODE_SIGN_STYLE = Automatic;
				CURRENT_PROJECT_VERSION = 1;
				DEVELOPMENT_TEAM = J3ZAH6F73K;
				GENERATE_INFOPLIST_FILE = YES;
				INFOPLIST_FILE = HopeWL/Info.plist;
				INFOPLIST_KEY_UIApplicationSupportsIndirectInputEvents = YES;
				INFOPLIST_KEY_UILaunchStoryboardName = LaunchScreen;
				INFOPLIST_KEY_UISupportedInterfaceOrientations_iPad = "UIInterfaceOrientationPortrait UIInterfaceOrientationPortraitUpsideDown UIInterfaceOrientationLandscapeLeft UIInterfaceOrientationLandscapeRight";
				INFOPLIST_KEY_UISupportedInterfaceOrientations_iPhone = "UIInterfaceOrientationPortrait UIInterfaceOrientationLandscapeLeft UIInterfaceOrientationLandscapeRight";
				LD_RUNPATH_SEARCH_PATHS = (
					"$(inherited)",
					"@executable_path/Frameworks",
				);
				MARKETING_VERSION = 1.0;
				PRODUCT_BUNDLE_IDENTIFIER = test.HopeWL;
				PRODUCT_NAME = "$(TARGET_NAME)";
				SWIFT_EMIT_LOC_STRINGS = YES;
				SWIFT_VERSION = 5.0;
				TARGETED_DEVICE_FAMILY = "1,2";
			};
			name = Debug;
		};
		E1E692C72829D04E00220C59 /* Release */ = {
			isa = XCBuildConfiguration;
			baseConfigurationReference = 93FA5DC48F7D8DCF429807E4 /* Pods-HopeWL.release.xcconfig */;
			buildSettings = {
				ASSETCATALOG_COMPILER_APPICON_NAME = AppIcon;
				ASSETCATALOG_COMPILER_GLOBAL_ACCENT_COLOR_NAME = AccentColor;
				CODE_SIGN_STYLE = Automatic;
				CURRENT_PROJECT_VERSION = 1;
				DEVELOPMENT_TEAM = J3ZAH6F73K;
				GENERATE_INFOPLIST_FILE = YES;
				INFOPLIST_FILE = HopeWL/Info.plist;
				INFOPLIST_KEY_UIApplicationSupportsIndirectInputEvents = YES;
				INFOPLIST_KEY_UILaunchStoryboardName = LaunchScreen;
				INFOPLIST_KEY_UISupportedInterfaceOrientations_iPad = "UIInterfaceOrientationPortrait UIInterfaceOrientationPortraitUpsideDown UIInterfaceOrientationLandscapeLeft UIInterfaceOrientationLandscapeRight";
				INFOPLIST_KEY_UISupportedInterfaceOrientations_iPhone = "UIInterfaceOrientationPortrait UIInterfaceOrientationLandscapeLeft UIInterfaceOrientationLandscapeRight";
				LD_RUNPATH_SEARCH_PATHS = (
					"$(inherited)",
					"@executable_path/Frameworks",
				);
				MARKETING_VERSION = 1.0;
				PRODUCT_BUNDLE_IDENTIFIER = test.HopeWL;
				PRODUCT_NAME = "$(TARGET_NAME)";
				SWIFT_EMIT_LOC_STRINGS = YES;
				SWIFT_VERSION = 5.0;
				TARGETED_DEVICE_FAMILY = "1,2";
			};
			name = Release;
		};
/* End XCBuildConfiguration section */

/* Begin XCConfigurationList section */
		E1E692AC2829D04C00220C59 /* Build configuration list for PBXProject "HopeWL" */ = {
			isa = XCConfigurationList;
			buildConfigurations = (
				E1E692C32829D04E00220C59 /* Debug */,
				E1E692C42829D04E00220C59 /* Release */,
			);
			defaultConfigurationIsVisible = 0;
			defaultConfigurationName = Release;
		};
		E1E692C52829D04E00220C59 /* Build configuration list for PBXNativeTarget "HopeWL" */ = {
			isa = XCConfigurationList;
			buildConfigurations = (
				E1E692C62829D04E00220C59 /* Debug */,
				E1E692C72829D04E00220C59 /* Release */,
			);
			defaultConfigurationIsVisible = 0;
			defaultConfigurationName = Release;
		};
/* End XCConfigurationList section */
	};
	rootObject = E1E692A92829D04C00220C59 /* Project object */;
}
